// !$*UTF8*$!
{
	archiveVersion = 1;
	classes = {
	};
	objectVersion = 55;
	objects = {

/* Begin PBXBuildFile section */
		B30BE982282D4F7600996A05 /* AppDelegate.swift in Sources */ = {isa = PBXBuildFile; fileRef = B30BE981282D4F7600996A05 /* AppDelegate.swift */; };
		B30BE984282D4F7600996A05 /* SceneDelegate.swift in Sources */ = {isa = PBXBuildFile; fileRef = B30BE983282D4F7600996A05 /* SceneDelegate.swift */; };
		B30BE986282D4F7600996A05 /* WelcomeVC.swift in Sources */ = {isa = PBXBuildFile; fileRef = B30BE985282D4F7600996A05 /* WelcomeVC.swift */; };
		B30BE989282D4F7600996A05 /* Main.storyboard in Resources */ = {isa = PBXBuildFile; fileRef = B30BE987282D4F7600996A05 /* Main.storyboard */; };
		B30BE98B282D4F7700996A05 /* Assets.xcassets in Resources */ = {isa = PBXBuildFile; fileRef = B30BE98A282D4F7700996A05 /* Assets.xcassets */; };
		B30BE98E282D4F7700996A05 /* LaunchScreen.storyboard in Resources */ = {isa = PBXBuildFile; fileRef = B30BE98C282D4F7700996A05 /* LaunchScreen.storyboard */; };
		B30BE997282D630F00996A05 /* BorderButton.swift in Sources */ = {isa = PBXBuildFile; fileRef = B30BE996282D630F00996A05 /* BorderButton.swift */; };
		B37E009E2834D6CC000016CE /* LeagueVC.swift in Sources */ = {isa = PBXBuildFile; fileRef = B37E009D2834D6CC000016CE /* LeagueVC.swift */; };
		B37E00A02834D6F0000016CE /* SkillVC.swift in Sources */ = {isa = PBXBuildFile; fileRef = B37E009F2834D6F0000016CE /* SkillVC.swift */; };
		B37E00A22834EB91000016CE /* player.swift in Sources */ = {isa = PBXBuildFile; fileRef = B37E00A12834EB91000016CE /* player.swift */; };
/* End PBXBuildFile section */

/* Begin PBXFileReference section */
		B30BE97E282D4F7600996A05 /* Team Search.app */ = {isa = PBXFileReference; explicitFileType = wrapper.application; includeInIndex = 0; path = "Team Search.app"; sourceTree = BUILT_PRODUCTS_DIR; };
		B30BE981282D4F7600996A05 /* AppDelegate.swift */ = {isa = PBXFileReference; lastKnownFileType = sourcecode.swift; path = AppDelegate.swift; sourceTree = "<group>"; };
		B30BE983282D4F7600996A05 /* SceneDelegate.swift */ = {isa = PBXFileReference; lastKnownFileType = sourcecode.swift; path = SceneDelegate.swift; sourceTree = "<group>"; };
		B30BE985282D4F7600996A05 /* WelcomeVC.swift */ = {isa = PBXFileReference; lastKnownFileType = sourcecode.swift; path = WelcomeVC.swift; sourceTree = "<group>"; };
		B30BE988282D4F7600996A05 /* Base */ = {isa = PBXFileReference; lastKnownFileType = file.storyboard; name = Base; path = Base.lproj/Main.storyboard; sourceTree = "<group>"; };
		B30BE98A282D4F7700996A05 /* Assets.xcassets */ = {isa = PBXFileReference; lastKnownFileType = folder.assetcatalog; path = Assets.xcassets; sourceTree = "<group>"; };
		B30BE98D282D4F7700996A05 /* Base */ = {isa = PBXFileReference; lastKnownFileType = file.storyboard; name = Base; path = Base.lproj/LaunchScreen.storyboard; sourceTree = "<group>"; };
		B30BE98F282D4F7700996A05 /* Info.plist */ = {isa = PBXFileReference; lastKnownFileType = text.plist.xml; path = Info.plist; sourceTree = "<group>"; };
		B30BE996282D630F00996A05 /* BorderButton.swift */ = {isa = PBXFileReference; lastKnownFileType = sourcecode.swift; path = BorderButton.swift; sourceTree = "<group>"; };
		B37E009D2834D6CC000016CE /* LeagueVC.swift */ = {isa = PBXFileReference; lastKnownFileType = sourcecode.swift; path = LeagueVC.swift; sourceTree = "<group>"; };
		B37E009F2834D6F0000016CE /* SkillVC.swift */ = {isa = PBXFileReference; lastKnownFileType = sourcecode.swift; path = SkillVC.swift; sourceTree = "<group>"; };
		B37E00A12834EB91000016CE /* player.swift */ = {isa = PBXFileReference; lastKnownFileType = sourcecode.swift; path = player.swift; sourceTree = "<group>"; };
/* End PBXFileReference section */

/* Begin PBXFrameworksBuildPhase section */
		B30BE97B282D4F7600996A05 /* Frameworks */ = {
			isa = PBXFrameworksBuildPhase;
			buildActionMask = 2147483647;
			files = (
			);
			runOnlyForDeploymentPostprocessing = 0;
		};
/* End PBXFrameworksBuildPhase section */

/* Begin PBXGroup section */
		B30BE975282D4F7600996A05 = {
			isa = PBXGroup;
			children = (
				B30BE980282D4F7600996A05 /* Team Search */,
				B30BE97F282D4F7600996A05 /* Products */,
			);
			sourceTree = "<group>";
		};
		B30BE97F282D4F7600996A05 /* Products */ = {
			isa = PBXGroup;
			children = (
				B30BE97E282D4F7600996A05 /* Team Search.app */,
			);
			name = Products;
			sourceTree = "<group>";
		};
		B30BE980282D4F7600996A05 /* Team Search */ = {
			isa = PBXGroup;
			children = (
				B37E009C2834D63F000016CE /* Controller */,
				B37E009B2834D634000016CE /* Model */,
				B30BE995282D628B00996A05 /* View */,
				B30BE981282D4F7600996A05 /* AppDelegate.swift */,
				B30BE983282D4F7600996A05 /* SceneDelegate.swift */,
				B30BE987282D4F7600996A05 /* Main.storyboard */,
				B30BE98A282D4F7700996A05 /* Assets.xcassets */,
				B30BE98C282D4F7700996A05 /* LaunchScreen.storyboard */,
				B30BE98F282D4F7700996A05 /* Info.plist */,
			);
			path = "Team Search";
			sourceTree = "<group>";
		};
		B30BE995282D628B00996A05 /* View */ = {
			isa = PBXGroup;
			children = (
				B30BE996282D630F00996A05 /* BorderButton.swift */,
			);
			path = View;
			sourceTree = "<group>";
		};
		B37E009B2834D634000016CE /* Model */ = {
			isa = PBXGroup;
			children = (
				B37E00A12834EB91000016CE /* player.swift */,
			);
			path = Model;
			sourceTree = "<group>";
		};
		B37E009C2834D63F000016CE /* Controller */ = {
			isa = PBXGroup;
			children = (
				B30BE985282D4F7600996A05 /* WelcomeVC.swift */,
				B37E009D2834D6CC000016CE /* LeagueVC.swift */,
				B37E009F2834D6F0000016CE /* SkillVC.swift */,
			);
			path = Controller;
			sourceTree = "<group>";
		};
/* End PBXGroup section */

/* Begin PBXNativeTarget section */
		B30BE97D282D4F7600996A05 /* Team Search */ = {
			isa = PBXNativeTarget;
			buildConfigurationList = B30BE992282D4F7700996A05 /* Build configuration list for PBXNativeTarget "Team Search" */;
			buildPhases = (
				B30BE97A282D4F7600996A05 /* Sources */,
				B30BE97B282D4F7600996A05 /* Frameworks */,
				B30BE97C282D4F7600996A05 /* Resources */,
			);
			buildRules = (
			);
			dependencies = (
			);
			name = "Team Search";
			productName = "Team Search";
			productReference = B30BE97E282D4F7600996A05 /* Team Search.app */;
			productType = "com.apple.product-type.application";
		};
/* End PBXNativeTarget section */

/* Begin PBXProject section */
		B30BE976282D4F7600996A05 /* Project object */ = {
			isa = PBXProject;
			attributes = {
				BuildIndependentTargetsInParallel = 1;
				LastSwiftUpdateCheck = 1330;
				LastUpgradeCheck = 1330;
				TargetAttributes = {
					B30BE97D282D4F7600996A05 = {
						CreatedOnToolsVersion = 13.3.1;
					};
				};
			};
			buildConfigurationList = B30BE979282D4F7600996A05 /* Build configuration list for PBXProject "Team Search" */;
			compatibilityVersion = "Xcode 13.0";
			developmentRegion = en;
			hasScannedForEncodings = 0;
			knownRegions = (
				en,
				Base,
			);
			mainGroup = B30BE975282D4F7600996A05;
			productRefGroup = B30BE97F282D4F7600996A05 /* Products */;
			projectDirPath = "";
			projectRoot = "";
			targets = (
				B30BE97D282D4F7600996A05 /* Team Search */,
			);
		};
/* End PBXProject section */

/* Begin PBXResourcesBuildPhase section */
		B30BE97C282D4F7600996A05 /* Resources */ = {
			isa = PBXResourcesBuildPhase;
			buildActionMask = 2147483647;
			files = (
				B30BE98E282D4F7700996A05 /* LaunchScreen.storyboard in Resources */,
				B30BE98B282D4F7700996A05 /* Assets.xcassets in Resources */,
				B30BE989282D4F7600996A05 /* Main.storyboard in Resources */,
			);
			runOnlyForDeploymentPostprocessing = 0;
		};
/* End PBXResourcesBuildPhase section */

/* Begin PBXSourcesBuildPhase section */
		B30BE97A282D4F7600996A05 /* Sources */ = {
			isa = PBXSourcesBuildPhase;
			buildActionMask = 2147483647;
			files = (
				B37E009E2834D6CC000016CE /* LeagueVC.swift in Sources */,
				B30BE986282D4F7600996A05 /* WelcomeVC.swift in Sources */,
				B30BE982282D4F7600996A05 /* AppDelegate.swift in Sources */,
				B37E00A22834EB91000016CE /* player.swift in Sources */,
				B30BE984282D4F7600996A05 /* SceneDelegate.swift in Sources */,
				B37E00A02834D6F0000016CE /* SkillVC.swift in Sources */,
				B30BE997282D630F00996A05 /* BorderButton.swift in Sources */,
			);
			runOnlyForDeploymentPostprocessing = 0;
		};
/* End PBXSourcesBuildPhase section */

/* Begin PBXVariantGroup section */
		B30BE987282D4F7600996A05 /* Main.storyboard */ = {
			isa = PBXVariantGroup;
			children = (
				B30BE988282D4F7600996A05 /* Base */,
			);
			name = Main.storyboard;
			sourceTree = "<group>";
		};
		B30BE98C282D4F7700996A05 /* LaunchScreen.storyboard */ = {
			isa = PBXVariantGroup;
			children = (
				B30BE98D282D4F7700996A05 /* Base */,
			);
			name = LaunchScreen.storyboard;
			sourceTree = "<group>";
		};
/* End PBXVariantGroup section */

/* Begin XCBuildConfiguration section */
		B30BE990282D4F7700996A05 /* Debug */ = {
			isa = XCBuildConfiguration;
			buildSettings = {
				ALWAYS_SEARCH_USER_PATHS = NO;
				CLANG_ANALYZER_NONNULL = YES;
				CLANG_ANALYZER_NUMBER_OBJECT_CONVERSION = YES_AGGRESSIVE;
				CLANG_CXX_LANGUAGE_STANDARD = "gnu++17";
				CLANG_ENABLE_MODULES = YES;
				CLANG_ENABLE_OBJC_ARC = YES;
				CLANG_ENABLE_OBJC_WEAK = YES;
				CLANG_WARN_BLOCK_CAPTURE_AUTORELEASING = YES;
				CLANG_WARN_BOOL_CONVERSION = YES;
				CLANG_WARN_COMMA = YES;
				CLANG_WARN_CONSTANT_CONVERSION = YES;
				CLANG_WARN_DEPRECATED_OBJC_IMPLEMENTATIONS = YES;
				CLANG_WARN_DIRECT_OBJC_ISA_USAGE = YES_ERROR;
				CLANG_WARN_DOCUMENTATION_COMMENTS = YES;
				CLANG_WARN_EMPTY_BODY = YES;
				CLANG_WARN_ENUM_CONVERSION = YES;
				CLANG_WARN_INFINITE_RECURSION = YES;
				CLANG_WARN_INT_CONVERSION = YES;
				CLANG_WARN_NON_LITERAL_NULL_CONVERSION = YES;
				CLANG_WARN_OBJC_IMPLICIT_RETAIN_SELF = YES;
				CLANG_WARN_OBJC_LITERAL_CONVERSION = YES;
				CLANG_WARN_OBJC_ROOT_CLASS = YES_ERROR;
				CLANG_WARN_QUOTED_INCLUDE_IN_FRAMEWORK_HEADER = YES;
				CLANG_WARN_RANGE_LOOP_ANALYSIS = YES;
				CLANG_WARN_STRICT_PROTOTYPES = YES;
				CLANG_WARN_SUSPICIOUS_MOVE = YES;
				CLANG_WARN_UNGUARDED_AVAILABILITY = YES_AGGRESSIVE;
				CLANG_WARN_UNREACHABLE_CODE = YES;
				CLANG_WARN__DUPLICATE_METHOD_MATCH = YES;
				COPY_PHASE_STRIP = NO;
				DEBUG_INFORMATION_FORMAT = dwarf;
				ENABLE_STRICT_OBJC_MSGSEND = YES;
				ENABLE_TESTABILITY = YES;
				GCC_C_LANGUAGE_STANDARD = gnu11;
				GCC_DYNAMIC_NO_PIC = NO;
				GCC_NO_COMMON_BLOCKS = YES;
				GCC_OPTIMIZATION_LEVEL = 0;
				GCC_PREPROCESSOR_DEFINITIONS = (
					"DEBUG=1",
					"$(inherited)",
				);
				GCC_WARN_64_TO_32_BIT_CONVERSION = YES;
				GCC_WARN_ABOUT_RETURN_TYPE = YES_ERROR;
				GCC_WARN_UNDECLARED_SELECTOR = YES;
				GCC_WARN_UNINITIALIZED_AUTOS = YES_AGGRESSIVE;
				GCC_WARN_UNUSED_FUNCTION = YES;
				GCC_WARN_UNUSED_VARIABLE = YES;
				IPHONEOS_DEPLOYMENT_TARGET = 15.4;
				MTL_ENABLE_DEBUG_INFO = INCLUDE_SOURCE;
				MTL_FAST_MATH = YES;
				ONLY_ACTIVE_ARCH = YES;
				SDKROOT = iphoneos;
				SWIFT_ACTIVE_COMPILATION_CONDITIONS = DEBUG;
				SWIFT_OPTIMIZATION_LEVEL = "-Onone";
			};
			name = Debug;
		};
		B30BE991282D4F7700996A05 /* Release */ = {
			isa = XCBuildConfiguration;
			buildSettings = {
				ALWAYS_SEARCH_USER_PATHS = NO;
				CLANG_ANALYZER_NONNULL = YES;
				CLANG_ANALYZER_NUMBER_OBJECT_CONVERSION = YES_AGGRESSIVE;
				CLANG_CXX_LANGUAGE_STANDARD = "gnu++17";
				CLANG_ENABLE_MODULES = YES;
				CLANG_ENABLE_OBJC_ARC = YES;
				CLANG_ENABLE_OBJC_WEAK = YES;
				CLANG_WARN_BLOCK_CAPTURE_AUTORELEASING = YES;
				CLANG_WARN_BOOL_CONVERSION = YES;
				CLANG_WARN_COMMA = YES;
				CLANG_WARN_CONSTANT_CONVERSION = YES;
				CLANG_WARN_DEPRECATED_OBJC_IMPLEMENTATIONS = YES;
				CLANG_WARN_DIRECT_OBJC_ISA_USAGE = YES_ERROR;
				CLANG_WARN_DOCUMENTATION_COMMENTS = YES;
				CLANG_WARN_EMPTY_BODY = YES;
				CLANG_WARN_ENUM_CONVERSION = YES;
				CLANG_WARN_INFINITE_RECURSION = YES;
				CLANG_WARN_INT_CONVERSION = YES;
				CLANG_WARN_NON_LITERAL_NULL_CONVERSION = YES;
				CLANG_WARN_OBJC_IMPLICIT_RETAIN_SELF = YES;
				CLANG_WARN_OBJC_LITERAL_CONVERSION = YES;
				CLANG_WARN_OBJC_ROOT_CLASS = YES_ERROR;
				CLANG_WARN_QUOTED_INCLUDE_IN_FRAMEWORK_HEADER = YES;
				CLANG_WARN_RANGE_LOOP_ANALYSIS = YES;
				CLANG_WARN_STRICT_PROTOTYPES = YES;
				CLANG_WARN_SUSPICIOUS_MOVE = YES;
				CLANG_WARN_UNGUARDED_AVAILABILITY = YES_AGGRESSIVE;
				CLANG_WARN_UNREACHABLE_CODE = YES;
				CLANG_WARN__DUPLICATE_METHOD_MATCH = YES;
				COPY_PHASE_STRIP = NO;
				DEBUG_INFORMATION_FORMAT = "dwarf-with-dsym";
				ENABLE_NS_ASSERTIONS = NO;
				ENABLE_STRICT_OBJC_MSGSEND = YES;
				GCC_C_LANGUAGE_STANDARD = gnu11;
				GCC_NO_COMMON_BLOCKS = YES;
				GCC_WARN_64_TO_32_BIT_CONVERSION = YES;
				GCC_WARN_ABOUT_RETURN_TYPE = YES_ERROR;
				GCC_WARN_UNDECLARED_SELECTOR = YES;
				GCC_WARN_UNINITIALIZED_AUTOS = YES_AGGRESSIVE;
				GCC_WARN_UNUSED_FUNCTION = YES;
				GCC_WARN_UNUSED_VARIABLE = YES;
				IPHONEOS_DEPLOYMENT_TARGET = 15.4;
				MTL_ENABLE_DEBUG_INFO = NO;
				MTL_FAST_MATH = YES;
				SDKROOT = iphoneos;
				SWIFT_COMPILATION_MODE = wholemodule;
				SWIFT_OPTIMIZATION_LEVEL = "-O";
				VALIDATE_PRODUCT = YES;
			};
			name = Release;
		};
		B30BE993282D4F7700996A05 /* Debug */ = {
			isa = XCBuildConfiguration;
			buildSettings = {
				ASSETCATALOG_COMPILER_APPICON_NAME = AppIcon;
				ASSETCATALOG_COMPILER_GLOBAL_ACCENT_COLOR_NAME = AccentColor;
				CODE_SIGN_STYLE = Automatic;
				CURRENT_PROJECT_VERSION = 1;
				DEVELOPMENT_TEAM = RALDL2Y3H5;
				GENERATE_INFOPLIST_FILE = YES;
				INFOPLIST_FILE = "Team Search/Info.plist";
				INFOPLIST_KEY_UIApplicationSupportsIndirectInputEvents = YES;
				INFOPLIST_KEY_UILaunchStoryboardName = LaunchScreen;
				INFOPLIST_KEY_UIMainStoryboardFile = Main;
				INFOPLIST_KEY_UISupportedInterfaceOrientations = "UIInterfaceOrientationPortrait UIInterfaceOrientationLandscapeLeft UIInterfaceOrientationLandscapeRight";
				INFOPLIST_KEY_UISupportedInterfaceOrientations_iPad = "UIInterfaceOrientationPortrait UIInterfaceOrientationPortraitUpsideDown UIInterfaceOrientationLandscapeLeft UIInterfaceOrientationLandscapeRight";
				INFOPLIST_KEY_UISupportedInterfaceOrientations_iPhone = "UIInterfaceOrientationPortrait UIInterfaceOrientationLandscapeLeft UIInterfaceOrientationLandscapeRight";
				LD_RUNPATH_SEARCH_PATHS = (
					"$(inherited)",
					"@executable_path/Frameworks",
				);
				MARKETING_VERSION = 1.0;
				PRODUCT_BUNDLE_IDENTIFIER = "MikhailGoloveshkin.Team-Search";
				PRODUCT_NAME = "$(TARGET_NAME)";
				SWIFT_EMIT_LOC_STRINGS = YES;
				SWIFT_VERSION = 5.0;
				TARGETED_DEVICE_FAMILY = "1,2";
			};
			name = Debug;
		};
		B30BE994282D4F7700996A05 /* Release */ = {
			isa = XCBuildConfiguration;
			buildSettings = {
				ASSETCATALOG_COMPILER_APPICON_NAME = AppIcon;
				ASSETCATALOG_COMPILER_GLOBAL_ACCENT_COLOR_NAME = AccentColor;
				CODE_SIGN_STYLE = Automatic;
				CURRENT_PROJECT_VERSION = 1;
				DEVELOPMENT_TEAM = RALDL2Y3H5;
				GENERATE_INFOPLIST_FILE = YES;
				INFOPLIST_FILE = "Team Search/Info.plist";
				INFOPLIST_KEY_UIApplicationSupportsIndirectInputEvents = YES;
				INFOPLIST_KEY_UILaunchStoryboardName = LaunchScreen;
				INFOPLIST_KEY_UIMainStoryboardFile = Main;
				INFOPLIST_KEY_UISupportedInterfaceOrientations = "UIInterfaceOrientationPortrait UIInterfaceOrientationLandscapeLeft UIInterfaceOrientationLandscapeRight";
				INFOPLIST_KEY_UISupportedInterfaceOrientations_iPad = "UIInterfaceOrientationPortrait UIInterfaceOrientationPortraitUpsideDown UIInterfaceOrientationLandscapeLeft UIInterfaceOrientationLandscapeRight";
				INFOPLIST_KEY_UISupportedInterfaceOrientations_iPhone = "UIInterfaceOrientationPortrait UIInterfaceOrientationLandscapeLeft UIInterfaceOrientationLandscapeRight";
				LD_RUNPATH_SEARCH_PATHS = (
					"$(inherited)",
					"@executable_path/Frameworks",
				);
				MARKETING_VERSION = 1.0;
				PRODUCT_BUNDLE_IDENTIFIER = "MikhailGoloveshkin.Team-Search";
				PRODUCT_NAME = "$(TARGET_NAME)";
				SWIFT_EMIT_LOC_STRINGS = YES;
				SWIFT_VERSION = 5.0;
				TARGETED_DEVICE_FAMILY = "1,2";
			};
			name = Release;
		};
/* End XCBuildConfiguration section */

/* Begin XCConfigurationList section */
		B30BE979282D4F7600996A05 /* Build configuration list for PBXProject "Team Search" */ = {
			isa = XCConfigurationList;
			buildConfigurations = (
				B30BE990282D4F7700996A05 /* Debug */,
				B30BE991282D4F7700996A05 /* Release */,
			);
			defaultConfigurationIsVisible = 0;
			defaultConfigurationName = Release;
		};
		B30BE992282D4F7700996A05 /* Build configuration list for PBXNativeTarget "Team Search" */ = {
			isa = XCConfigurationList;
			buildConfigurations = (
				B30BE993282D4F7700996A05 /* Debug */,
				B30BE994282D4F7700996A05 /* Release */,
			);
			defaultConfigurationIsVisible = 0;
			defaultConfigurationName = Release;
		};
/* End XCConfigurationList section */
	};
	rootObject = B30BE976282D4F7600996A05 /* Project object */;
}
